
Microsoft Visual Studio Solution File, Format Version 12.00
# Visual Studio Version 17
VisualStudioVersion = 17.2.32602.215
MinimumVisualStudioVersion = 10.0.40219.1
Project("{FAE04EC0-301F-11D3-BF4B-00C04F79EFBC}") = "Administracion_Usuarios", "Administracion_Usuarios\Administracion_Usuarios.csproj", "{C0DD8787-4B90-4995-9828-2AEB3FAAD82B}"
EndProject
Global
	GlobalSection(SolutionConfigurationPlatforms) = preSolution
		Debug|Any CPU = Debug|Any CPU
		Release|Any CPU = Release|Any CPU
	EndGlobalSection
	GlobalSection(ProjectConfigurationPlatforms) = postSolution
		{C0DD8787-4B90-4995-9828-2AEB3FAAD82B}.Debug|Any CPU.ActiveCfg = Debug|Any CPU
		{C0DD8787-4B90-4995-9828-2AEB3FAAD82B}.Debug|Any CPU.Build.0 = Debug|Any CPU
		{C0DD8787-4B90-4995-9828-2AEB3FAAD82B}.Release|Any CPU.ActiveCfg = Release|Any CPU
		{C0DD8787-4B90-4995-9828-2AEB3FAAD82B}.Release|Any CPU.Build.0 = Release|Any CPU
	EndGlobalSection
	GlobalSection(SolutionProperties) = preSolution
		HideSolutionNode = FALSE
	EndGlobalSection
	GlobalSection(ExtensibilityGlobals) = postSolution
		SolutionGuid = {C7BD7CF8-2F53-48BD-8075-81C32BD61073}
	EndGlobalSection
EndGlobal
